// !$*UTF8*$!
{
	archiveVersion = 1;
	classes = {
	};
	objectVersion = 46;
	objects = {

/* Begin PBXBuildFile section */
		784602C01CE0E2C7006B62C3 /* AppDelegate.swift in Sources */ = {isa = PBXBuildFile; fileRef = 784602BF1CE0E2C7006B62C3 /* AppDelegate.swift */; };
		784602C21CE0E2C7006B62C3 /* ViewController.swift in Sources */ = {isa = PBXBuildFile; fileRef = 784602C11CE0E2C7006B62C3 /* ViewController.swift */; };
		784602C51CE0E2C7006B62C3 /* Main.storyboard in Resources */ = {isa = PBXBuildFile; fileRef = 784602C31CE0E2C7006B62C3 /* Main.storyboard */; };
		784602C71CE0E2C7006B62C3 /* Assets.xcassets in Resources */ = {isa = PBXBuildFile; fileRef = 784602C61CE0E2C7006B62C3 /* Assets.xcassets */; };
		784602CA1CE0E2C7006B62C3 /* LaunchScreen.storyboard in Resources */ = {isa = PBXBuildFile; fileRef = 784602C81CE0E2C7006B62C3 /* LaunchScreen.storyboard */; };
/* End PBXBuildFile section */

/* Begin PBXFileReference section */
		784602BC1CE0E2C7006B62C3 /* Project-2.app */ = {isa = PBXFileReference; explicitFileType = wrapper.application; includeInIndex = 0; path = "Project-2.app"; sourceTree = BUILT_PRODUCTS_DIR; };
		784602BF1CE0E2C7006B62C3 /* AppDelegate.swift */ = {isa = PBXFileReference; lastKnownFileType = sourcecode.swift; path = AppDelegate.swift; sourceTree = "<group>"; };
		784602C11CE0E2C7006B62C3 /* ViewController.swift */ = {isa = PBXFileReference; lastKnownFileType = sourcecode.swift; path = ViewController.swift; sourceTree = "<group>"; };
		784602C41CE0E2C7006B62C3 /* Base */ = {isa = PBXFileReference; lastKnownFileType = file.storyboard; name = Base; path = Base.lproj/Main.storyboard; sourceTree = "<group>"; };
		784602C61CE0E2C7006B62C3 /* Assets.xcassets */ = {isa = PBXFileReference; lastKnownFileType = folder.assetcatalog; path = Assets.xcassets; sourceTree = "<group>"; };
		784602C91CE0E2C7006B62C3 /* Base */ = {isa = PBXFileReference; lastKnownFileType = file.storyboard; name = Base; path = Base.lproj/LaunchScreen.storyboard; sourceTree = "<group>"; };
		784602CB1CE0E2C7006B62C3 /* Info.plist */ = {isa = PBXFileReference; lastKnownFileType = text.plist.xml; path = Info.plist; sourceTree = "<group>"; };
/* End PBXFileReference section */

/* Begin PBXFrameworksBuildPhase section */
		784602B91CE0E2C7006B62C3 /* Frameworks */ = {
			isa = PBXFrameworksBuildPhase;
			buildActionMask = 2147483647;
			files = (
			);
			runOnlyForDeploymentPostprocessing = 0;
		};
/* End PBXFrameworksBuildPhase section */

/* Begin PBXGroup section */
		784602B31CE0E2C7006B62C3 = {
			isa = PBXGroup;
			children = (
				784602BE1CE0E2C7006B62C3 /* Project-2 */,
				784602BD1CE0E2C7006B62C3 /* Products */,
			);
			sourceTree = "<group>";
		};
		784602BD1CE0E2C7006B62C3 /* Products */ = {
			isa = PBXGroup;
			children = (
				784602BC1CE0E2C7006B62C3 /* Project-2.app */,
			);
			name = Products;
			sourceTree = "<group>";
		};
		784602BE1CE0E2C7006B62C3 /* Project-2 */ = {
			isa = PBXGroup;
			children = (
				784602BF1CE0E2C7006B62C3 /* AppDelegate.swift */,
				784602C11CE0E2C7006B62C3 /* ViewController.swift */,
				784602C31CE0E2C7006B62C3 /* Main.storyboard */,
				784602C61CE0E2C7006B62C3 /* Assets.xcassets */,
				784602C81CE0E2C7006B62C3 /* LaunchScreen.storyboard */,
				784602CB1CE0E2C7006B62C3 /* Info.plist */,
			);
			path = "Project-2";
			sourceTree = "<group>";
		};
/* End PBXGroup section */

/* Begin PBXNativeTarget section */
		784602BB1CE0E2C7006B62C3 /* Project-2 */ = {
			isa = PBXNativeTarget;
			buildConfigurationList = 784602CE1CE0E2C7006B62C3 /* Build configuration list for PBXNativeTarget "Project-2" */;
			buildPhases = (
				784602B81CE0E2C7006B62C3 /* Sources */,
				784602B91CE0E2C7006B62C3 /* Frameworks */,
				784602BA1CE0E2C7006B62C3 /* Resources */,
			);
			buildRules = (
			);
			dependencies = (
			);
			name = "Project-2";
			productName = "Project-2";
			productReference = 784602BC1CE0E2C7006B62C3 /* Project-2.app */;
			productType = "com.apple.product-type.application";
		};
/* End PBXNativeTarget section */

/* Begin PBXProject section */
		784602B41CE0E2C7006B62C3 /* Project object */ = {
			isa = PBXProject;
			attributes = {
				LastSwiftUpdateCheck = 0730;
				LastUpgradeCheck = 0730;
				ORGANIZATIONNAME = "Jamaal Sedayao";
				TargetAttributes = {
					784602BB1CE0E2C7006B62C3 = {
						CreatedOnToolsVersion = 7.3.1;
					};
				};
			};
			buildConfigurationList = 784602B71CE0E2C7006B62C3 /* Build configuration list for PBXProject "Project-2" */;
			compatibilityVersion = "Xcode 3.2";
			developmentRegion = English;
			hasScannedForEncodings = 0;
			knownRegions = (
				en,
				Base,
			);
			mainGroup = 784602B31CE0E2C7006B62C3;
			productRefGroup = 784602BD1CE0E2C7006B62C3 /* Products */;
			projectDirPath = "";
			projectRoot = "";
			targets = (
				784602BB1CE0E2C7006B62C3 /* Project-2 */,
			);
		};
/* End PBXProject section */

/* Begin PBXResourcesBuildPhase section */
		784602BA1CE0E2C7006B62C3 /* Resources */ = {
			isa = PBXResourcesBuildPhase;
			buildActionMask = 2147483647;
			files = (
				784602CA1CE0E2C7006B62C3 /* LaunchScreen.storyboard in Resources */,
				784602C71CE0E2C7006B62C3 /* Assets.xcassets in Resources */,
				784602C51CE0E2C7006B62C3 /* Main.storyboard in Resources */,
			);
			runOnlyForDeploymentPostprocessing = 0;
		};
/* End PBXResourcesBuildPhase section */

/* Begin PBXSourcesBuildPhase section */
		784602B81CE0E2C7006B62C3 /* Sources */ = {
			isa = PBXSourcesBuildPhase;
			buildActionMask = 2147483647;
			files = (
				784602C21CE0E2C7006B62C3 /* ViewController.swift in Sources */,
				784602C01CE0E2C7006B62C3 /* AppDelegate.swift in Sources */,
			);
			runOnlyForDeploymentPostprocessing = 0;
		};
/* End PBXSourcesBuildPhase section */

/* Begin PBXVariantGroup section */
		784602C31CE0E2C7006B62C3 /* Main.storyboard */ = {
			isa = PBXVariantGroup;
			children = (
				784602C41CE0E2C7006B62C3 /* Base */,
			);
			name = Main.storyboard;
			sourceTree = "<group>";
		};
		784602C81CE0E2C7006B62C3 /* LaunchScreen.storyboard */ = {
			isa = PBXVariantGroup;
			children = (
				784602C91CE0E2C7006B62C3 /* Base */,
			);
			name = LaunchScreen.storyboard;
			sourceTree = "<group>";
		};
/* End PBXVariantGroup section */

/* Begin XCBuildConfiguration section */
		784602CC1CE0E2C7006B62C3 /* Debug */ = {
			isa = XCBuildConfiguration;
			buildSettings = {
				ALWAYS_SEARCH_USER_PATHS = NO;
				CLANG_ANALYZER_NONNULL = YES;
				CLANG_CXX_LANGUAGE_STANDARD = "gnu++0x";
				CLANG_CXX_LIBRARY = "libc++";
				CLANG_ENABLE_MODULES = YES;
				CLANG_ENABLE_OBJC_ARC = YES;
				CLANG_WARN_BOOL_CONVERSION = YES;
				CLANG_WARN_CONSTANT_CONVERSION = YES;
				CLANG_WARN_DIRECT_OBJC_ISA_USAGE = YES_ERROR;
				CLANG_WARN_EMPTY_BODY = YES;
				CLANG_WARN_ENUM_CONVERSION = YES;
				CLANG_WARN_INT_CONVERSION = YES;
				CLANG_WARN_OBJC_ROOT_CLASS = YES_ERROR;
				CLANG_WARN_UNREACHABLE_CODE = YES;
				CLANG_WARN__DUPLICATE_METHOD_MATCH = YES;
				"CODE_SIGN_IDENTITY[sdk=iphoneos*]" = "iPhone Developer";
				COPY_PHASE_STRIP = NO;
				DEBUG_INFORMATION_FORMAT = dwarf;
				ENABLE_STRICT_OBJC_MSGSEND = YES;
				ENABLE_TESTABILITY = YES;
				GCC_C_LANGUAGE_STANDARD = gnu99;
				GCC_DYNAMIC_NO_PIC = NO;
				GCC_NO_COMMON_BLOCKS = YES;
				GCC_OPTIMIZATION_LEVEL = 0;
				GCC_PREPROCESSOR_DEFINITIONS = (
					"DEBUG=1",
					"$(inherited)",
				);
				GCC_WARN_64_TO_32_BIT_CONVERSION = YES;
				GCC_WARN_ABOUT_RETURN_TYPE = YES_ERROR;
				GCC_WARN_UNDECLARED_SELECTOR = YES;
				GCC_WARN_UNINITIALIZED_AUTOS = YES_AGGRESSIVE;
				GCC_WARN_UNUSED_FUNCTION = YES;
				GCC_WARN_UNUSED_VARIABLE = YES;
				IPHONEOS_DEPLOYMENT_TARGET = 9.3;
				MTL_ENABLE_DEBUG_INFO = YES;
				ONLY_ACTIVE_ARCH = YES;
				SDKROOT = iphoneos;
				SWIFT_OPTIMIZATION_LEVEL = "-Onone";
			};
			name = Debug;
		};
		784602CD1CE0E2C7006B62C3 /* Release */ = {
			isa = XCBuildConfiguration;
			buildSettings = {
				ALWAYS_SEARCH_USER_PATHS = NO;
				CLANG_ANALYZER_NONNULL = YES;
				CLANG_CXX_LANGUAGE_STANDARD = "gnu++0x";
				CLANG_CXX_LIBRARY = "libc++";
				CLANG_ENABLE_MODULES = YES;
				CLANG_ENABLE_OBJC_ARC = YES;
				CLANG_WARN_BOOL_CONVERSION = YES;
				CLANG_WARN_CONSTANT_CONVERSION = YES;
				CLANG_WARN_DIRECT_OBJC_ISA_USAGE = YES_ERROR;
				CLANG_WARN_EMPTY_BODY = YES;
				CLANG_WARN_ENUM_CONVERSION = YES;
				CLANG_WARN_INT_CONVERSION = YES;
				CLANG_WARN_OBJC_ROOT_CLASS = YES_ERROR;
				CLANG_WARN_UNREACHABLE_CODE = YES;
				CLANG_WARN__DUPLICATE_METHOD_MATCH = YES;
				"CODE_SIGN_IDENTITY[sdk=iphoneos*]" = "iPhone Developer";
				COPY_PHASE_STRIP = NO;
				DEBUG_INFORMATION_FORMAT = "dwarf-with-dsym";
				ENABLE_NS_ASSERTIONS = NO;
				ENABLE_STRICT_OBJC_MSGSEND = YES;
				GCC_C_LANGUAGE_STANDARD = gnu99;
				GCC_NO_COMMON_BLOCKS = YES;
				GCC_WARN_64_TO_32_BIT_CONVERSION = YES;
				GCC_WARN_ABOUT_RETURN_TYPE = YES_ERROR;
				GCC_WARN_UNDECLARED_SELECTOR = YES;
				GCC_WARN_UNINITIALIZED_AUTOS = YES_AGGRESSIVE;
				GCC_WARN_UNUSED_FUNCTION = YES;
				GCC_WARN_UNUSED_VARIABLE = YES;
				IPHONEOS_DEPLOYMENT_TARGET = 9.3;
				MTL_ENABLE_DEBUG_INFO = NO;
				SDKROOT = iphoneos;
				VALIDATE_PRODUCT = YES;
			};
			name = Release;
		};
		784602CF1CE0E2C7006B62C3 /* Debug */ = {
			isa = XCBuildConfiguration;
			buildSettings = {
				ASSETCATALOG_COMPILER_APPICON_NAME = AppIcon;
				INFOPLIST_FILE = "Project-2/Info.plist";
				LD_RUNPATH_SEARCH_PATHS = "$(inherited) @executable_path/Frameworks";
				PRODUCT_BUNDLE_IDENTIFIER = "com.hackingwithswift.Project-2";
				PRODUCT_NAME = "$(TARGET_NAME)";
			};
			name = Debug;
		};
		784602D01CE0E2C7006B62C3 /* Release */ = {
			isa = XCBuildConfiguration;
			buildSettings = {
				ASSETCATALOG_COMPILER_APPICON_NAME = AppIcon;
				INFOPLIST_FILE = "Project-2/Info.plist";
				LD_RUNPATH_SEARCH_PATHS = "$(inherited) @executable_path/Frameworks";
				PRODUCT_BUNDLE_IDENTIFIER = "com.hackingwithswift.Project-2";
				PRODUCT_NAME = "$(TARGET_NAME)";
			};
			name = Release;
		};
/* End XCBuildConfiguration section */

/* Begin XCConfigurationList section */
		784602B71CE0E2C7006B62C3 /* Build configuration list for PBXProject "Project-2" */ = {
			isa = XCConfigurationList;
			buildConfigurations = (
				784602CC1CE0E2C7006B62C3 /* Debug */,
				784602CD1CE0E2C7006B62C3 /* Release */,
			);
			defaultConfigurationIsVisible = 0;
			defaultConfigurationName = Release;
		};
		784602CE1CE0E2C7006B62C3 /* Build configuration list for PBXNativeTarget "Project-2" */ = {
			isa = XCConfigurationList;
			buildConfigurations = (
				784602CF1CE0E2C7006B62C3 /* Debug */,
				784602D01CE0E2C7006B62C3 /* Release */,
			);
			defaultConfigurationIsVisible = 0;
		};
/* End XCConfigurationList section */
	};
	rootObject = 784602B41CE0E2C7006B62C3 /* Project object */;
}
