// !$*UTF8*$!
{
	archiveVersion = 1;
	classes = {
	};
	objectVersion = 46;
	objects = {

/* Begin PBXBuildFile section */
		78844E671CEA1F900032EBF6 /* AppDelegate.swift in Sources */ = {isa = PBXBuildFile; fileRef = 78844E661CEA1F900032EBF6 /* AppDelegate.swift */; };
		78844E691CEA1F900032EBF6 /* ViewController.swift in Sources */ = {isa = PBXBuildFile; fileRef = 78844E681CEA1F900032EBF6 /* ViewController.swift */; };
		78844E6C1CEA1F900032EBF6 /* Main.storyboard in Resources */ = {isa = PBXBuildFile; fileRef = 78844E6A1CEA1F900032EBF6 /* Main.storyboard */; };
		78844E6E1CEA1F900032EBF6 /* Assets.xcassets in Resources */ = {isa = PBXBuildFile; fileRef = 78844E6D1CEA1F900032EBF6 /* Assets.xcassets */; };
		78844E711CEA1F900032EBF6 /* LaunchScreen.storyboard in Resources */ = {isa = PBXBuildFile; fileRef = 78844E6F1CEA1F900032EBF6 /* LaunchScreen.storyboard */; };
/* End PBXBuildFile section */

/* Begin PBXFileReference section */
		78844E631CEA1F900032EBF6 /* HWSproject6b.app */ = {isa = PBXFileReference; explicitFileType = wrapper.application; includeInIndex = 0; path = HWSproject6b.app; sourceTree = BUILT_PRODUCTS_DIR; };
		78844E661CEA1F900032EBF6 /* AppDelegate.swift */ = {isa = PBXFileReference; lastKnownFileType = sourcecode.swift; path = AppDelegate.swift; sourceTree = "<group>"; };
		78844E681CEA1F900032EBF6 /* ViewController.swift */ = {isa = PBXFileReference; lastKnownFileType = sourcecode.swift; path = ViewController.swift; sourceTree = "<group>"; };
		78844E6B1CEA1F900032EBF6 /* Base */ = {isa = PBXFileReference; lastKnownFileType = file.storyboard; name = Base; path = Base.lproj/Main.storyboard; sourceTree = "<group>"; };
		78844E6D1CEA1F900032EBF6 /* Assets.xcassets */ = {isa = PBXFileReference; lastKnownFileType = folder.assetcatalog; path = Assets.xcassets; sourceTree = "<group>"; };
		78844E701CEA1F900032EBF6 /* Base */ = {isa = PBXFileReference; lastKnownFileType = file.storyboard; name = Base; path = Base.lproj/LaunchScreen.storyboard; sourceTree = "<group>"; };
		78844E721CEA1F900032EBF6 /* Info.plist */ = {isa = PBXFileReference; lastKnownFileType = text.plist.xml; path = Info.plist; sourceTree = "<group>"; };
/* End PBXFileReference section */

/* Begin PBXFrameworksBuildPhase section */
		78844E601CEA1F900032EBF6 /* Frameworks */ = {
			isa = PBXFrameworksBuildPhase;
			buildActionMask = 2147483647;
			files = (
			);
			runOnlyForDeploymentPostprocessing = 0;
		};
/* End PBXFrameworksBuildPhase section */

/* Begin PBXGroup section */
		78844E5A1CEA1F900032EBF6 = {
			isa = PBXGroup;
			children = (
				78844E651CEA1F900032EBF6 /* HWSproject6b */,
				78844E641CEA1F900032EBF6 /* Products */,
			);
			sourceTree = "<group>";
		};
		78844E641CEA1F900032EBF6 /* Products */ = {
			isa = PBXGroup;
			children = (
				78844E631CEA1F900032EBF6 /* HWSproject6b.app */,
			);
			name = Products;
			sourceTree = "<group>";
		};
		78844E651CEA1F900032EBF6 /* HWSproject6b */ = {
			isa = PBXGroup;
			children = (
				78844E661CEA1F900032EBF6 /* AppDelegate.swift */,
				78844E681CEA1F900032EBF6 /* ViewController.swift */,
				78844E6A1CEA1F900032EBF6 /* Main.storyboard */,
				78844E6D1CEA1F900032EBF6 /* Assets.xcassets */,
				78844E6F1CEA1F900032EBF6 /* LaunchScreen.storyboard */,
				78844E721CEA1F900032EBF6 /* Info.plist */,
			);
			path = HWSproject6b;
			sourceTree = "<group>";
		};
/* End PBXGroup section */

/* Begin PBXNativeTarget section */
		78844E621CEA1F900032EBF6 /* HWSproject6b */ = {
			isa = PBXNativeTarget;
			buildConfigurationList = 78844E751CEA1F900032EBF6 /* Build configuration list for PBXNativeTarget "HWSproject6b" */;
			buildPhases = (
				78844E5F1CEA1F900032EBF6 /* Sources */,
				78844E601CEA1F900032EBF6 /* Frameworks */,
				78844E611CEA1F900032EBF6 /* Resources */,
			);
			buildRules = (
			);
			dependencies = (
			);
			name = HWSproject6b;
			productName = HWSproject6b;
			productReference = 78844E631CEA1F900032EBF6 /* HWSproject6b.app */;
			productType = "com.apple.product-type.application";
		};
/* End PBXNativeTarget section */

/* Begin PBXProject section */
		78844E5B1CEA1F900032EBF6 /* Project object */ = {
			isa = PBXProject;
			attributes = {
				LastSwiftUpdateCheck = 0730;
				LastUpgradeCheck = 0730;
				ORGANIZATIONNAME = "Jamaal Sedayao";
				TargetAttributes = {
					78844E621CEA1F900032EBF6 = {
						CreatedOnToolsVersion = 7.3.1;
					};
				};
			};
			buildConfigurationList = 78844E5E1CEA1F900032EBF6 /* Build configuration list for PBXProject "HWSproject6b" */;
			compatibilityVersion = "Xcode 3.2";
			developmentRegion = English;
			hasScannedForEncodings = 0;
			knownRegions = (
				en,
				Base,
			);
			mainGroup = 78844E5A1CEA1F900032EBF6;
			productRefGroup = 78844E641CEA1F900032EBF6 /* Products */;
			projectDirPath = "";
			projectRoot = "";
			targets = (
				78844E621CEA1F900032EBF6 /* HWSproject6b */,
			);
		};
/* End PBXProject section */

/* Begin PBXResourcesBuildPhase section */
		78844E611CEA1F900032EBF6 /* Resources */ = {
			isa = PBXResourcesBuildPhase;
			buildActionMask = 2147483647;
			files = (
				78844E711CEA1F900032EBF6 /* LaunchScreen.storyboard in Resources */,
				78844E6E1CEA1F900032EBF6 /* Assets.xcassets in Resources */,
				78844E6C1CEA1F900032EBF6 /* Main.storyboard in Resources */,
			);
			runOnlyForDeploymentPostprocessing = 0;
		};
/* End PBXResourcesBuildPhase section */

/* Begin PBXSourcesBuildPhase section */
		78844E5F1CEA1F900032EBF6 /* Sources */ = {
			isa = PBXSourcesBuildPhase;
			buildActionMask = 2147483647;
			files = (
				78844E691CEA1F900032EBF6 /* ViewController.swift in Sources */,
				78844E671CEA1F900032EBF6 /* AppDelegate.swift in Sources */,
			);
			runOnlyForDeploymentPostprocessing = 0;
		};
/* End PBXSourcesBuildPhase section */

/* Begin PBXVariantGroup section */
		78844E6A1CEA1F900032EBF6 /* Main.storyboard */ = {
			isa = PBXVariantGroup;
			children = (
				78844E6B1CEA1F900032EBF6 /* Base */,
			);
			name = Main.storyboard;
			sourceTree = "<group>";
		};
		78844E6F1CEA1F900032EBF6 /* LaunchScreen.storyboard */ = {
			isa = PBXVariantGroup;
			children = (
				78844E701CEA1F900032EBF6 /* Base */,
			);
			name = LaunchScreen.storyboard;
			sourceTree = "<group>";
		};
/* End PBXVariantGroup section */

/* Begin XCBuildConfiguration section */
		78844E731CEA1F900032EBF6 /* Debug */ = {
			isa = XCBuildConfiguration;
			buildSettings = {
				ALWAYS_SEARCH_USER_PATHS = NO;
				CLANG_ANALYZER_NONNULL = YES;
				CLANG_CXX_LANGUAGE_STANDARD = "gnu++0x";
				CLANG_CXX_LIBRARY = "libc++";
				CLANG_ENABLE_MODULES = YES;
				CLANG_ENABLE_OBJC_ARC = YES;
				CLANG_WARN_BOOL_CONVERSION = YES;
				CLANG_WARN_CONSTANT_CONVERSION = YES;
				CLANG_WARN_DIRECT_OBJC_ISA_USAGE = YES_ERROR;
				CLANG_WARN_EMPTY_BODY = YES;
				CLANG_WARN_ENUM_CONVERSION = YES;
				CLANG_WARN_INT_CONVERSION = YES;
				CLANG_WARN_OBJC_ROOT_CLASS = YES_ERROR;
				CLANG_WARN_UNREACHABLE_CODE = YES;
				CLANG_WARN__DUPLICATE_METHOD_MATCH = YES;
				"CODE_SIGN_IDENTITY[sdk=iphoneos*]" = "iPhone Developer";
				COPY_PHASE_STRIP = NO;
				DEBUG_INFORMATION_FORMAT = dwarf;
				ENABLE_STRICT_OBJC_MSGSEND = YES;
				ENABLE_TESTABILITY = YES;
				GCC_C_LANGUAGE_STANDARD = gnu99;
				GCC_DYNAMIC_NO_PIC = NO;
				GCC_NO_COMMON_BLOCKS = YES;
				GCC_OPTIMIZATION_LEVEL = 0;
				GCC_PREPROCESSOR_DEFINITIONS = (
					"DEBUG=1",
					"$(inherited)",
				);
				GCC_WARN_64_TO_32_BIT_CONVERSION = YES;
				GCC_WARN_ABOUT_RETURN_TYPE = YES_ERROR;
				GCC_WARN_UNDECLARED_SELECTOR = YES;
				GCC_WARN_UNINITIALIZED_AUTOS = YES_AGGRESSIVE;
				GCC_WARN_UNUSED_FUNCTION = YES;
				GCC_WARN_UNUSED_VARIABLE = YES;
				IPHONEOS_DEPLOYMENT_TARGET = 9.3;
				MTL_ENABLE_DEBUG_INFO = YES;
				ONLY_ACTIVE_ARCH = YES;
				SDKROOT = iphoneos;
				SWIFT_OPTIMIZATION_LEVEL = "-Onone";
			};
			name = Debug;
		};
		78844E741CEA1F900032EBF6 /* Release */ = {
			isa = XCBuildConfiguration;
			buildSettings = {
				ALWAYS_SEARCH_USER_PATHS = NO;
				CLANG_ANALYZER_NONNULL = YES;
				CLANG_CXX_LANGUAGE_STANDARD = "gnu++0x";
				CLANG_CXX_LIBRARY = "libc++";
				CLANG_ENABLE_MODULES = YES;
				CLANG_ENABLE_OBJC_ARC = YES;
				CLANG_WARN_BOOL_CONVERSION = YES;
				CLANG_WARN_CONSTANT_CONVERSION = YES;
				CLANG_WARN_DIRECT_OBJC_ISA_USAGE = YES_ERROR;
				CLANG_WARN_EMPTY_BODY = YES;
				CLANG_WARN_ENUM_CONVERSION = YES;
				CLANG_WARN_INT_CONVERSION = YES;
				CLANG_WARN_OBJC_ROOT_CLASS = YES_ERROR;
				CLANG_WARN_UNREACHABLE_CODE = YES;
				CLANG_WARN__DUPLICATE_METHOD_MATCH = YES;
				"CODE_SIGN_IDENTITY[sdk=iphoneos*]" = "iPhone Developer";
				COPY_PHASE_STRIP = NO;
				DEBUG_INFORMATION_FORMAT = "dwarf-with-dsym";
				ENABLE_NS_ASSERTIONS = NO;
				ENABLE_STRICT_OBJC_MSGSEND = YES;
				GCC_C_LANGUAGE_STANDARD = gnu99;
				GCC_NO_COMMON_BLOCKS = YES;
				GCC_WARN_64_TO_32_BIT_CONVERSION = YES;
				GCC_WARN_ABOUT_RETURN_TYPE = YES_ERROR;
				GCC_WARN_UNDECLARED_SELECTOR = YES;
				GCC_WARN_UNINITIALIZED_AUTOS = YES_AGGRESSIVE;
				GCC_WARN_UNUSED_FUNCTION = YES;
				GCC_WARN_UNUSED_VARIABLE = YES;
				IPHONEOS_DEPLOYMENT_TARGET = 9.3;
				MTL_ENABLE_DEBUG_INFO = NO;
				SDKROOT = iphoneos;
				VALIDATE_PRODUCT = YES;
			};
			name = Release;
		};
		78844E761CEA1F900032EBF6 /* Debug */ = {
			isa = XCBuildConfiguration;
			buildSettings = {
				ASSETCATALOG_COMPILER_APPICON_NAME = AppIcon;
				INFOPLIST_FILE = HWSproject6b/Info.plist;
				LD_RUNPATH_SEARCH_PATHS = "$(inherited) @executable_path/Frameworks";
				PRODUCT_BUNDLE_IDENTIFIER = com.jamaalsedayao.HWSproject6b;
				PRODUCT_NAME = "$(TARGET_NAME)";
			};
			name = Debug;
		};
		78844E771CEA1F900032EBF6 /* Release */ = {
			isa = XCBuildConfiguration;
			buildSettings = {
				ASSETCATALOG_COMPILER_APPICON_NAME = AppIcon;
				INFOPLIST_FILE = HWSproject6b/Info.plist;
				LD_RUNPATH_SEARCH_PATHS = "$(inherited) @executable_path/Frameworks";
				PRODUCT_BUNDLE_IDENTIFIER = com.jamaalsedayao.HWSproject6b;
				PRODUCT_NAME = "$(TARGET_NAME)";
			};
			name = Release;
		};
/* End XCBuildConfiguration section */

/* Begin XCConfigurationList section */
		78844E5E1CEA1F900032EBF6 /* Build configuration list for PBXProject "HWSproject6b" */ = {
			isa = XCConfigurationList;
			buildConfigurations = (
				78844E731CEA1F900032EBF6 /* Debug */,
				78844E741CEA1F900032EBF6 /* Release */,
			);
			defaultConfigurationIsVisible = 0;
			defaultConfigurationName = Release;
		};
		78844E751CEA1F900032EBF6 /* Build configuration list for PBXNativeTarget "HWSproject6b" */ = {
			isa = XCConfigurationList;
			buildConfigurations = (
				78844E761CEA1F900032EBF6 /* Debug */,
				78844E771CEA1F900032EBF6 /* Release */,
			);
			defaultConfigurationIsVisible = 0;
		};
/* End XCConfigurationList section */
	};
	rootObject = 78844E5B1CEA1F900032EBF6 /* Project object */;
}
